
Microsoft Visual Studio Solution File, Format Version 11.00
# Visual Studio 2010
Project("{FAE04EC0-301F-11D3-BF4B-00C04F79EFBC}") = "Assembly-CSharp", "Assembly-CSharp.csproj", "{4D607870-94E6-0A41-8D85-52C33E95F3A5}"
EndProject
Project("{FAE04EC0-301F-11D3-BF4B-00C04F79EFBC}") = "Assembly-CSharp-Editor", "Assembly-CSharp-Editor.csproj", "{9168774C-C478-D479-3151-87D56DD2E0E1}"
EndProject
Global
	GlobalSection(SolutionConfigurationPlatforms) = preSolution
		Debug|Any CPU = Debug|Any CPU
		Release|Any CPU = Release|Any CPU
	EndGlobalSection
	GlobalSection(ProjectConfigurationPlatforms) = postSolution
		{4D607870-94E6-0A41-8D85-52C33E95F3A5}.Debug|Any CPU.ActiveCfg = Debug|Any CPU
		{4D607870-94E6-0A41-8D85-52C33E95F3A5}.Debug|Any CPU.Build.0 = Debug|Any CPU
		{4D607870-94E6-0A41-8D85-52C33E95F3A5}.Release|Any CPU.ActiveCfg = Release|Any CPU
		{4D607870-94E6-0A41-8D85-52C33E95F3A5}.Release|Any CPU.Build.0 = Release|Any CPU
		{9168774C-C478-D479-3151-87D56DD2E0E1}.Debug|Any CPU.ActiveCfg = Debug|Any CPU
		{9168774C-C478-D479-3151-87D56DD2E0E1}.Debug|Any CPU.Build.0 = Debug|Any CPU
		{9168774C-C478-D479-3151-87D56DD2E0E1}.Release|Any CPU.ActiveCfg = Release|Any CPU
		{9168774C-C478-D479-3151-87D56DD2E0E1}.Release|Any CPU.Build.0 = Release|Any CPU
	EndGlobalSection
	GlobalSection(SolutionProperties) = preSolution
		HideSolutionNode = FALSE
	EndGlobalSection
EndGlobal
